
Microsoft Visual Studio Solution File, Format Version 12.00
# Visual Studio Version 17
VisualStudioVersion = 17.9.34728.123
MinimumVisualStudioVersion = 10.0.40219.1
Project("{FAE04EC0-301F-11D3-BF4B-00C04F79EFBC}") = "webapicrud", "webapicrud.csproj", "{3E4D9B82-B66A-4BAA-9BD2-1DDCACA9DBE0}"
EndProject
Global
	GlobalSection(SolutionConfigurationPlatforms) = preSolution
		Debug|Any CPU = Debug|Any CPU
		Release|Any CPU = Release|Any CPU
	EndGlobalSection
	GlobalSection(ProjectConfigurationPlatforms) = postSolution
		{3E4D9B82-B66A-4BAA-9BD2-1DDCACA9DBE0}.Debug|Any CPU.ActiveCfg = Debug|Any CPU
		{3E4D9B82-B66A-4BAA-9BD2-1DDCACA9DBE0}.Debug|Any CPU.Build.0 = Debug|Any CPU
		{3E4D9B82-B66A-4BAA-9BD2-1DDCACA9DBE0}.Release|Any CPU.ActiveCfg = Release|Any CPU
		{3E4D9B82-B66A-4BAA-9BD2-1DDCACA9DBE0}.Release|Any CPU.Build.0 = Release|Any CPU
	EndGlobalSection
	GlobalSection(SolutionProperties) = preSolution
		HideSolutionNode = FALSE
	EndGlobalSection
	GlobalSection(ExtensibilityGlobals) = postSolution
		SolutionGuid = {8CA35F3C-9A87-41ED-83A6-0142D90DE1E2}
	EndGlobalSection
EndGlobal
